
Microsoft Visual Studio Solution File, Format Version 12.00
# Visual Studio Version 17
VisualStudioVersion = 17.14.36518.9 d17.14
MinimumVisualStudioVersion = 10.0.40219.1
Project("{FAE04EC0-301F-11D3-BF4B-00C04F79EFBC}") = "h-bit", "h-bit\h-bit.csproj", "{EB31AFD8-1787-4D80-A26A-3A0A2A10A0EF}"
EndProject
Global
	GlobalSection(SolutionConfigurationPlatforms) = preSolution
		Debug|Any CPU = Debug|Any CPU
		Release|Any CPU = Release|Any CPU
	EndGlobalSection
	GlobalSection(ProjectConfigurationPlatforms) = postSolution
		{EB31AFD8-1787-4D80-A26A-3A0A2A10A0EF}.Debug|Any CPU.ActiveCfg = Debug|Any CPU
		{EB31AFD8-1787-4D80-A26A-3A0A2A10A0EF}.Debug|Any CPU.Build.0 = Debug|Any CPU
		{EB31AFD8-1787-4D80-A26A-3A0A2A10A0EF}.Release|Any CPU.ActiveCfg = Release|Any CPU
		{EB31AFD8-1787-4D80-A26A-3A0A2A10A0EF}.Release|Any CPU.Build.0 = Release|Any CPU
	EndGlobalSection
	GlobalSection(SolutionProperties) = preSolution
		HideSolutionNode = FALSE
	EndGlobalSection
	GlobalSection(ExtensibilityGlobals) = postSolution
		SolutionGuid = {50A5FBEF-F030-43BA-AC0C-3C13330C4769}
	EndGlobalSection
EndGlobal
